
Microsoft Visual Studio Solution File, Format Version 12.00
# Visual Studio Version 17
VisualStudioVersion = 17.14.36414.22
MinimumVisualStudioVersion = 10.0.40219.1
Project("{FAE04EC0-301F-11D3-BF4B-00C04F79EFBC}") = "Personal_portfolio", "Personal_portfolio\Personal_portfolio.csproj", "{AF3F5D65-3612-404D-90E9-385652D88B07}"
EndProject
Global
	GlobalSection(SolutionConfigurationPlatforms) = preSolution
		Debug|Any CPU = Debug|Any CPU
		Release|Any CPU = Release|Any CPU
	EndGlobalSection
	GlobalSection(ProjectConfigurationPlatforms) = postSolution
		{AF3F5D65-3612-404D-90E9-385652D88B07}.Debug|Any CPU.ActiveCfg = Debug|Any CPU
		{AF3F5D65-3612-404D-90E9-385652D88B07}.Debug|Any CPU.Build.0 = Debug|Any CPU
		{AF3F5D65-3612-404D-90E9-385652D88B07}.Release|Any CPU.ActiveCfg = Release|Any CPU
		{AF3F5D65-3612-404D-90E9-385652D88B07}.Release|Any CPU.Build.0 = Release|Any CPU
	EndGlobalSection
	GlobalSection(SolutionProperties) = preSolution
		HideSolutionNode = FALSE
	EndGlobalSection
	GlobalSection(ExtensibilityGlobals) = postSolution
		SolutionGuid = {9BC2F358-0AE2-4673-A272-4E3D6371D51B}
	EndGlobalSection
EndGlobal
